
Microsoft Visual Studio Solution File, Format Version 12.00
# Visual Studio 15
VisualStudioVersion = 15.0.28307.168
MinimumVisualStudioVersion = 10.0.40219.1
Project("{8BC9CEB8-8B4A-11D0-8D11-00A0C91BC942}") = "Rrt2", "Rrt2\Rrt2.vcxproj", "{9618A394-98A1-4845-BCBE-0B393B4DFDDA}"
EndProject
Project("{8BC9CEB8-8B4A-11D0-8D11-00A0C91BC942}") = "Tests", "Tests\Tests.vcxproj", "{3EE403BA-D2E6-4B2B-B004-8AC72FC57771}"
EndProject
Project("{8BC9CEB8-8B4A-11D0-8D11-00A0C91BC942}") = "SamplingGen", "SamplingGen\SamplingGen.vcxproj", "{6F60C539-D6A5-4055-AC91-0B20B71F27C4}"
EndProject
Global
	GlobalSection(SolutionConfigurationPlatforms) = preSolution
		Debug|x64 = Debug|x64
		Debug|x86 = Debug|x86
		Release|x64 = Release|x64
		Release|x86 = Release|x86
	EndGlobalSection
	GlobalSection(ProjectConfigurationPlatforms) = postSolution
		{9618A394-98A1-4845-BCBE-0B393B4DFDDA}.Debug|x64.ActiveCfg = Debug|x64
		{9618A394-98A1-4845-BCBE-0B393B4DFDDA}.Debug|x64.Build.0 = Debug|x64
		{9618A394-98A1-4845-BCBE-0B393B4DFDDA}.Debug|x86.ActiveCfg = Debug|Win32
		{9618A394-98A1-4845-BCBE-0B393B4DFDDA}.Debug|x86.Build.0 = Debug|Win32
		{9618A394-98A1-4845-BCBE-0B393B4DFDDA}.Release|x64.ActiveCfg = Release|x64
		{9618A394-98A1-4845-BCBE-0B393B4DFDDA}.Release|x64.Build.0 = Release|x64
		{9618A394-98A1-4845-BCBE-0B393B4DFDDA}.Release|x86.ActiveCfg = Release|Win32
		{9618A394-98A1-4845-BCBE-0B393B4DFDDA}.Release|x86.Build.0 = Release|Win32
		{3EE403BA-D2E6-4B2B-B004-8AC72FC57771}.Debug|x64.ActiveCfg = Debug|x64
		{3EE403BA-D2E6-4B2B-B004-8AC72FC57771}.Debug|x64.Build.0 = Debug|x64
		{3EE403BA-D2E6-4B2B-B004-8AC72FC57771}.Debug|x86.ActiveCfg = Debug|Win32
		{3EE403BA-D2E6-4B2B-B004-8AC72FC57771}.Debug|x86.Build.0 = Debug|Win32
		{3EE403BA-D2E6-4B2B-B004-8AC72FC57771}.Release|x64.ActiveCfg = Release|x64
		{3EE403BA-D2E6-4B2B-B004-8AC72FC57771}.Release|x64.Build.0 = Release|x64
		{3EE403BA-D2E6-4B2B-B004-8AC72FC57771}.Release|x86.ActiveCfg = Release|Win32
		{3EE403BA-D2E6-4B2B-B004-8AC72FC57771}.Release|x86.Build.0 = Release|Win32
		{6F60C539-D6A5-4055-AC91-0B20B71F27C4}.Debug|x64.ActiveCfg = Debug|x64
		{6F60C539-D6A5-4055-AC91-0B20B71F27C4}.Debug|x64.Build.0 = Debug|x64
		{6F60C539-D6A5-4055-AC91-0B20B71F27C4}.Debug|x86.ActiveCfg = Debug|Win32
		{6F60C539-D6A5-4055-AC91-0B20B71F27C4}.Debug|x86.Build.0 = Debug|Win32
		{6F60C539-D6A5-4055-AC91-0B20B71F27C4}.Release|x64.ActiveCfg = Release|x64
		{6F60C539-D6A5-4055-AC91-0B20B71F27C4}.Release|x64.Build.0 = Release|x64
		{6F60C539-D6A5-4055-AC91-0B20B71F27C4}.Release|x86.ActiveCfg = Release|Win32
		{6F60C539-D6A5-4055-AC91-0B20B71F27C4}.Release|x86.Build.0 = Release|Win32
	EndGlobalSection
	GlobalSection(SolutionProperties) = preSolution
		HideSolutionNode = FALSE
	EndGlobalSection
	GlobalSection(ExtensibilityGlobals) = postSolution
		SolutionGuid = {50C9BEB7-36BF-4A7B-B560-631B523E8C9C}
	EndGlobalSection
EndGlobal
