<?xml version="1.0" encoding="utf-8"?>
<Project ToolsVersion="4.0" xmlns="http://schemas.microsoft.com/developer/msbuild/2003">
  <ItemGroup>
    <Filter Include="Source Files">
      <UniqueIdentifier>{4FC737F1-C7A5-4376-A066-2A32D752A2FF}</UniqueIdentifier>
      <Extensions>cpp;c;cc;cxx;def;odl;idl;hpj;bat;asm;asmx</Extensions>
    </Filter>
    <Filter Include="Header Files">
      <UniqueIdentifier>{93995380-89BD-4b04-88EB-625FBE52EBFB}</UniqueIdentifier>
      <Extensions>h;hh;hpp;hxx;hm;inl;inc;ipp;xsd</Extensions>
    </Filter>
    <Filter Include="Resource Files">
      <UniqueIdentifier>{67DA6AB6-F800-4c08-8B7A-83BB121AAD01}</UniqueIdentifier>
      <Extensions>rc;ico;cur;bmp;dlg;rc2;rct;bin;rgs;gif;jpg;jpeg;jpe;resx;tiff;tif;png;wav;mfcribbon-ms</Extensions>
    </Filter>
    <Filter Include="Header Files\Geometries">
      <UniqueIdentifier>{fcf4fa7e-5537-4590-b930-1457ecc8c7e4}</UniqueIdentifier>
    </Filter>
    <Filter Include="Header Files\Accelerations">
      <UniqueIdentifier>{056f8fe5-d4d9-43f5-af49-bfb348deb981}</UniqueIdentifier>
    </Filter>
  </ItemGroup>
  <ItemGroup>
    <ClInclude Include="BoundingBox.hpp">
      <Filter>Header Files</Filter>
    </ClInclude>
    <ClInclude Include="Helpers.hpp">
      <Filter>Header Files</Filter>
    </ClInclude>
    <ClInclude Include="Ray.hpp">
      <Filter>Header Files</Filter>
    </ClInclude>
    <ClInclude Include="Vec3.hpp">
      <Filter>Header Files</Filter>
    </ClInclude>
    <ClInclude Include="Geometries\GeometryBase.hpp">
      <Filter>Header Files\Geometries</Filter>
    </ClInclude>
    <ClInclude Include="HitRecord.hpp">
      <Filter>Header Files</Filter>
    </ClInclude>
    <ClInclude Include="Material.hpp">
      <Filter>Header Files</Filter>
    </ClInclude>
    <ClInclude Include="Accelerations\AccelerationBase.hpp">
      <Filter>Header Files\Accelerations</Filter>
    </ClInclude>
    <ClInclude Include="Accelerations\TriangleBvh.hpp">
      <Filter>Header Files\Accelerations</Filter>
    </ClInclude>
    <ClInclude Include="Accelerations\Bvh.hpp">
      <Filter>Header Files\Accelerations</Filter>
    </ClInclude>
    <ClInclude Include="Accelerations\Extents.hpp">
      <Filter>Header Files\Accelerations</Filter>
    </ClInclude>
    <ClInclude Include="Accelerations\TrivialAcceleration.hpp">
      <Filter>Header Files\Accelerations</Filter>
    </ClInclude>
    <ClInclude Include="Scene.hpp">
      <Filter>Header Files</Filter>
    </ClInclude>
    <ClInclude Include="Camera.hpp">
      <Filter>Header Files</Filter>
    </ClInclude>
    <ClInclude Include="Sampling.hpp">
      <Filter>Header Files</Filter>
    </ClInclude>
    <ClInclude Include="Simd.hpp">
      <Filter>Header Files</Filter>
    </ClInclude>
    <ClInclude Include="Accelerations\SimdTriangle.hpp">
      <Filter>Header Files\Accelerations</Filter>
    </ClInclude>
    <ClInclude Include="Geometries\TriangleMesh.hpp">
      <Filter>Header Files\Geometries</Filter>
    </ClInclude>
    <ClInclude Include="Accelerations\SimdBoundingBox.hpp">
      <Filter>Header Files\Accelerations</Filter>
    </ClInclude>
    <ClInclude Include="AlignedVec.hpp">
      <Filter>Header Files</Filter>
    </ClInclude>
    <ClInclude Include="PrimRef.hpp">
      <Filter>Header Files</Filter>
    </ClInclude>
    <ClInclude Include="Store.hpp">
      <Filter>Header Files</Filter>
    </ClInclude>
  </ItemGroup>
  <ItemGroup>
    <ClCompile Include="Ray.cpp">
      <Filter>Source Files</Filter>
    </ClCompile>
    <ClCompile Include="BoundingBox.cpp">
      <Filter>Source Files</Filter>
    </ClCompile>
    <ClCompile Include="Geometries\GeometryBase.cpp">
      <Filter>Source Files</Filter>
    </ClCompile>
    <ClCompile Include="Geometries\Triangle.cpp">
      <Filter>Source Files</Filter>
    </ClCompile>
    <ClCompile Include="Accelerations\Bvh.cpp">
      <Filter>Source Files</Filter>
    </ClCompile>
    <ClCompile Include="Vec3.cpp">
      <Filter>Source Files</Filter>
    </ClCompile>
    <ClCompile Include="Accelerations\AccelerationBase.cpp">
      <Filter>Source Files</Filter>
    </ClCompile>
    <ClCompile Include="Scene.cpp">
      <Filter>Source Files</Filter>
    </ClCompile>
    <ClCompile Include="StbImpl.cpp">
      <Filter>Source Files</Filter>
    </ClCompile>
    <ClCompile Include="Sampling.cpp">
      <Filter>Source Files</Filter>
    </ClCompile>
    <ClCompile Include="Camera.cpp">
      <Filter>Source Files</Filter>
    </ClCompile>
    <ClCompile Include="PrimRef.cpp">
      <Filter>Source Files</Filter>
    </ClCompile>
    <ClCompile Include="Accelerations\SimdTriangle.cpp">
      <Filter>Source Files</Filter>
    </ClCompile>
    <ClCompile Include="Geometries\TriangleMesh.cpp">
      <Filter>Source Files</Filter>
    </ClCompile>
    <ClCompile Include="Accelerations\SimdBoundingBox.cpp">
      <Filter>Source Files</Filter>
    </ClCompile>
    <ClCompile Include="Store.cpp">
      <Filter>Source Files</Filter>
    </ClCompile>
  </ItemGroup>
</Project>